// !$*UTF8*$!
{
	archiveVersion = 1;
	classes = {
	};
	objectVersion = 70;
	objects = {

/* Begin PBXBuildFile section */
		540C80622CCA881900FACA44 /* ClipboardSettingsView.swift in Sources */ = {isa = PBXBuildFile; fileRef = 540C80612CCA881900FACA44 /* ClipboardSettingsView.swift */; };
		540C80652CCBB36900FACA44 /* AlertWindowController.swift in Sources */ = {isa = PBXBuildFile; fileRef = 540C80642CCBB36900FACA44 /* AlertWindowController.swift */; };
		541C55C02CCBC618006E29B5 /* CustomButton.swift in Sources */ = {isa = PBXBuildFile; fileRef = 541C55BF2CCBC618006E29B5 /* CustomButton.swift */; };
		5434D10D29C1C433009DF037 /* clipboardManagerApp.swift in Sources */ = {isa = PBXBuildFile; fileRef = 5434D10C29C1C433009DF037 /* clipboardManagerApp.swift */; };
		5434D10F29C1C433009DF037 /* MainView.swift in Sources */ = {isa = PBXBuildFile; fileRef = 5434D10E29C1C433009DF037 /* MainView.swift */; };
		5434D11129C1C433009DF037 /* Assets.xcassets in Resources */ = {isa = PBXBuildFile; fileRef = 5434D11029C1C433009DF037 /* Assets.xcassets */; };
		5434D11429C1C433009DF037 /* Preview Assets.xcassets in Resources */ = {isa = PBXBuildFile; fileRef = 5434D11329C1C433009DF037 /* Preview Assets.xcassets */; };
		5434D11629C1C433009DF037 /* Persistence.swift in Sources */ = {isa = PBXBuildFile; fileRef = 5434D11529C1C433009DF037 /* Persistence.swift */; };
		5434D11929C1C433009DF037 /* clipboardManager.xcdatamodeld in Sources */ = {isa = PBXBuildFile; fileRef = 5434D11729C1C433009DF037 /* clipboardManager.xcdatamodeld */; };
		5434D12229C1CB60009DF037 /* HotKey in Frameworks */ = {isa = PBXBuildFile; productRef = 5434D12129C1CB60009DF037 /* HotKey */; };
		546F03342CCD9A0D00EB4EFD /* ClipboardSettings.swift in Sources */ = {isa = PBXBuildFile; fileRef = 546F03332CCD9A0D00EB4EFD /* ClipboardSettings.swift */; };
		54A3238229CA369800F3E2F3 /* KeyCodes.swift in Sources */ = {isa = PBXBuildFile; fileRef = 54A3238129CA369800F3E2F3 /* KeyCodes.swift */; };
		54A3238429CA36D000F3E2F3 /* KeyPressHelper.swift in Sources */ = {isa = PBXBuildFile; fileRef = 54A3238329CA36D000F3E2F3 /* KeyPressHelper.swift */; };
		54A76B892C5D852300AEBD9E /* NSImage+Color.swift in Sources */ = {isa = PBXBuildFile; fileRef = 54A76B882C5D852300AEBD9E /* NSImage+Color.swift */; };
		54A76B8D2C5E634C00AEBD9E /* URLPreview.swift in Sources */ = {isa = PBXBuildFile; fileRef = 54A76B8C2C5E634C00AEBD9E /* URLPreview.swift */; };
		54A76B902C5E797900AEBD9E /* RevenueCat in Frameworks */ = {isa = PBXBuildFile; productRef = 54A76B8F2C5E797900AEBD9E /* RevenueCat */; };
		54A76B922C5E797900AEBD9E /* RevenueCatUI in Frameworks */ = {isa = PBXBuildFile; productRef = 54A76B912C5E797900AEBD9E /* RevenueCatUI */; };
		54B6C87D2C4E6EFE00106CFA /* PaywallView.swift in Sources */ = {isa = PBXBuildFile; fileRef = 54B6C87C2C4E6EFE00106CFA /* PaywallView.swift */; };
		54B6C87F2C4E6FE500106CFA /* PurchaseManager.swift in Sources */ = {isa = PBXBuildFile; fileRef = 54B6C87E2C4E6FE500106CFA /* PurchaseManager.swift */; };
		54B6C8822C4E799F00106CFA /* StoreKit.framework in Frameworks */ = {isa = PBXBuildFile; fileRef = 54B6C8812C4E799F00106CFA /* StoreKit.framework */; };
		54B6C8A72C4FAF6C00106CFA /* ContainerView.swift in Sources */ = {isa = PBXBuildFile; fileRef = 54B6C8A62C4FAF6C00106CFA /* ContainerView.swift */; };
		54B6C8A92C4FB59C00106CFA /* ClipboardManager.swift in Sources */ = {isa = PBXBuildFile; fileRef = 54B6C8A82C4FB59C00106CFA /* ClipboardManager.swift */; };
		54B6C8AC2C4FBADF00106CFA /* ClipboardModel.xcdatamodeld in Sources */ = {isa = PBXBuildFile; fileRef = 54B6C8AA2C4FBADF00106CFA /* ClipboardModel.xcdatamodeld */; };
		54B6C8AE2C4FDF2E00106CFA /* CopiedFromApplication.swift in Sources */ = {isa = PBXBuildFile; fileRef = 54B6C8AD2C4FDF2E00106CFA /* CopiedFromApplication.swift */; };
		54B6C8B02C4FDF4D00106CFA /* CustomImage.swift in Sources */ = {isa = PBXBuildFile; fileRef = 54B6C8AF2C4FDF4D00106CFA /* CustomImage.swift */; };
		54B953F029C3B5F300990FAC /* Constants.swift in Sources */ = {isa = PBXBuildFile; fileRef = 54B953EF29C3B5F300990FAC /* Constants.swift */; };
		54C2FE442C80F726000D209C /* ViewExtension.swift in Sources */ = {isa = PBXBuildFile; fileRef = 54C2FE432C80F726000D209C /* ViewExtension.swift */; };
		54D74ED929C240A3004769D2 /* ApplicationMenu.swift in Sources */ = {isa = PBXBuildFile; fileRef = 54D74ED829C240A3004769D2 /* ApplicationMenu.swift */; };
		54D74EDD29C24183004769D2 /* ClipboardItem.swift in Sources */ = {isa = PBXBuildFile; fileRef = 54D74EDC29C24183004769D2 /* ClipboardItem.swift */; };
		54D74EE029C25D90004769D2 /* StorageHelper.swift in Sources */ = {isa = PBXBuildFile; fileRef = 54D74EDF29C25D90004769D2 /* StorageHelper.swift */; };
		54E32CB829C4DBC3004772B5 /* Color+HexColor.swift in Sources */ = {isa = PBXBuildFile; fileRef = 54E32CB729C4DBC3004772B5 /* Color+HexColor.swift */; };
		54E32CBA29C4E507004772B5 /* VisualEffectView.swift in Sources */ = {isa = PBXBuildFile; fileRef = 54E32CB929C4E507004772B5 /* VisualEffectView.swift */; };
		54E32CBC29C4E743004772B5 /* ClipboardItemBox.swift in Sources */ = {isa = PBXBuildFile; fileRef = 54E32CBB29C4E743004772B5 /* ClipboardItemBox.swift */; };
		54E32CBE29C4ED5C004772B5 /* CopiedAppLogoView.swift in Sources */ = {isa = PBXBuildFile; fileRef = 54E32CBD29C4ED5C004772B5 /* CopiedAppLogoView.swift */; };
		54E32CC029C4F1C3004772B5 /* Color+Random.swift in Sources */ = {isa = PBXBuildFile; fileRef = 54E32CBF29C4F1C3004772B5 /* Color+Random.swift */; };
/* End PBXBuildFile section */

/* Begin PBXFileReference section */
		540C80612CCA881900FACA44 /* ClipboardSettingsView.swift */ = {isa = PBXFileReference; lastKnownFileType = sourcecode.swift; path = ClipboardSettingsView.swift; sourceTree = "<group>"; };
		540C80642CCBB36900FACA44 /* AlertWindowController.swift */ = {isa = PBXFileReference; lastKnownFileType = sourcecode.swift; path = AlertWindowController.swift; sourceTree = "<group>"; };
		541C55BF2CCBC618006E29B5 /* CustomButton.swift */ = {isa = PBXFileReference; lastKnownFileType = sourcecode.swift; path = CustomButton.swift; sourceTree = "<group>"; };
		541C55C52CCBCFE9006E29B5 /* clipboardManagerHelper.app */ = {isa = PBXFileReference; explicitFileType = wrapper.application; includeInIndex = 0; path = clipboardManagerHelper.app; sourceTree = BUILT_PRODUCTS_DIR; };
		5434D10929C1C433009DF037 /* Mahmut Clipboard.app */ = {isa = PBXFileReference; explicitFileType = wrapper.application; includeInIndex = 0; path = "Mahmut Clipboard.app"; sourceTree = BUILT_PRODUCTS_DIR; };
		5434D10C29C1C433009DF037 /* clipboardManagerApp.swift */ = {isa = PBXFileReference; lastKnownFileType = sourcecode.swift; path = clipboardManagerApp.swift; sourceTree = "<group>"; };
		5434D10E29C1C433009DF037 /* MainView.swift */ = {isa = PBXFileReference; lastKnownFileType = sourcecode.swift; path = MainView.swift; sourceTree = "<group>"; };
		5434D11029C1C433009DF037 /* Assets.xcassets */ = {isa = PBXFileReference; lastKnownFileType = folder.assetcatalog; path = Assets.xcassets; sourceTree = "<group>"; };
		5434D11329C1C433009DF037 /* Preview Assets.xcassets */ = {isa = PBXFileReference; lastKnownFileType = folder.assetcatalog; path = "Preview Assets.xcassets"; sourceTree = "<group>"; };
		5434D11529C1C433009DF037 /* Persistence.swift */ = {isa = PBXFileReference; lastKnownFileType = sourcecode.swift; path = Persistence.swift; sourceTree = "<group>"; };
		5434D11829C1C433009DF037 /* clipboardManager.xcdatamodel */ = {isa = PBXFileReference; lastKnownFileType = wrapper.xcdatamodel; path = clipboardManager.xcdatamodel; sourceTree = "<group>"; };
		5434D11A29C1C433009DF037 /* clipboardManager.entitlements */ = {isa = PBXFileReference; lastKnownFileType = text.plist.entitlements; path = clipboardManager.entitlements; sourceTree = "<group>"; };
		543D607229D34F5200E23D82 /* Info.plist */ = {isa = PBXFileReference; lastKnownFileType = text.plist.xml; path = Info.plist; sourceTree = "<group>"; };
		546F03332CCD9A0D00EB4EFD /* ClipboardSettings.swift */ = {isa = PBXFileReference; lastKnownFileType = sourcecode.swift; path = ClipboardSettings.swift; sourceTree = "<group>"; };
		54A3238129CA369800F3E2F3 /* KeyCodes.swift */ = {isa = PBXFileReference; lastKnownFileType = sourcecode.swift; path = KeyCodes.swift; sourceTree = "<group>"; };
		54A3238329CA36D000F3E2F3 /* KeyPressHelper.swift */ = {isa = PBXFileReference; lastKnownFileType = sourcecode.swift; path = KeyPressHelper.swift; sourceTree = "<group>"; };
		54A76B882C5D852300AEBD9E /* NSImage+Color.swift */ = {isa = PBXFileReference; lastKnownFileType = sourcecode.swift; path = "NSImage+Color.swift"; sourceTree = "<group>"; };
		54A76B8C2C5E634C00AEBD9E /* URLPreview.swift */ = {isa = PBXFileReference; lastKnownFileType = sourcecode.swift; path = URLPreview.swift; sourceTree = "<group>"; };
		54B6C87C2C4E6EFE00106CFA /* PaywallView.swift */ = {isa = PBXFileReference; lastKnownFileType = sourcecode.swift; path = PaywallView.swift; sourceTree = "<group>"; };
		54B6C87E2C4E6FE500106CFA /* PurchaseManager.swift */ = {isa = PBXFileReference; lastKnownFileType = sourcecode.swift; path = PurchaseManager.swift; sourceTree = "<group>"; };
		54B6C8812C4E799F00106CFA /* StoreKit.framework */ = {isa = PBXFileReference; lastKnownFileType = wrapper.framework; name = StoreKit.framework; path = System/Library/Frameworks/StoreKit.framework; sourceTree = SDKROOT; };
		54B6C8A62C4FAF6C00106CFA /* ContainerView.swift */ = {isa = PBXFileReference; lastKnownFileType = sourcecode.swift; path = ContainerView.swift; sourceTree = "<group>"; };
		54B6C8A82C4FB59C00106CFA /* ClipboardManager.swift */ = {isa = PBXFileReference; lastKnownFileType = sourcecode.swift; path = ClipboardManager.swift; sourceTree = "<group>"; };
		54B6C8AB2C4FBADF00106CFA /* ClipboardModel.xcdatamodel */ = {isa = PBXFileReference; lastKnownFileType = wrapper.xcdatamodel; path = ClipboardModel.xcdatamodel; sourceTree = "<group>"; };
		54B6C8AD2C4FDF2E00106CFA /* CopiedFromApplication.swift */ = {isa = PBXFileReference; lastKnownFileType = sourcecode.swift; path = CopiedFromApplication.swift; sourceTree = "<group>"; };
		54B6C8AF2C4FDF4D00106CFA /* CustomImage.swift */ = {isa = PBXFileReference; lastKnownFileType = sourcecode.swift; path = CustomImage.swift; sourceTree = "<group>"; };
		54B953EF29C3B5F300990FAC /* Constants.swift */ = {isa = PBXFileReference; lastKnownFileType = sourcecode.swift; path = Constants.swift; sourceTree = "<group>"; };
		54C2FE432C80F726000D209C /* ViewExtension.swift */ = {isa = PBXFileReference; lastKnownFileType = sourcecode.swift; path = ViewExtension.swift; sourceTree = "<group>"; };
		54D74ED829C240A3004769D2 /* ApplicationMenu.swift */ = {isa = PBXFileReference; lastKnownFileType = sourcecode.swift; path = ApplicationMenu.swift; sourceTree = "<group>"; };
		54D74EDC29C24183004769D2 /* ClipboardItem.swift */ = {isa = PBXFileReference; lastKnownFileType = sourcecode.swift; path = ClipboardItem.swift; sourceTree = "<group>"; };
		54D74EDF29C25D90004769D2 /* StorageHelper.swift */ = {isa = PBXFileReference; lastKnownFileType = sourcecode.swift; path = StorageHelper.swift; sourceTree = "<group>"; };
		54E32CB729C4DBC3004772B5 /* Color+HexColor.swift */ = {isa = PBXFileReference; lastKnownFileType = sourcecode.swift; path = "Color+HexColor.swift"; sourceTree = "<group>"; };
		54E32CB929C4E507004772B5 /* VisualEffectView.swift */ = {isa = PBXFileReference; lastKnownFileType = sourcecode.swift; path = VisualEffectView.swift; sourceTree = "<group>"; };
		54E32CBB29C4E743004772B5 /* ClipboardItemBox.swift */ = {isa = PBXFileReference; lastKnownFileType = sourcecode.swift; path = ClipboardItemBox.swift; sourceTree = "<group>"; };
		54E32CBD29C4ED5C004772B5 /* CopiedAppLogoView.swift */ = {isa = PBXFileReference; lastKnownFileType = sourcecode.swift; path = CopiedAppLogoView.swift; sourceTree = "<group>"; };
		54E32CBF29C4F1C3004772B5 /* Color+Random.swift */ = {isa = PBXFileReference; lastKnownFileType = sourcecode.swift; path = "Color+Random.swift"; sourceTree = "<group>"; };
/* End PBXFileReference section */

/* Begin PBXFileSystemSynchronizedRootGroup section */
		541C55C62CCBCFE9006E29B5 /* clipboardManagerHelper */ = {isa = PBXFileSystemSynchronizedRootGroup; explicitFileTypes = {}; explicitFolders = (); path = clipboardManagerHelper; sourceTree = "<group>"; };
/* End PBXFileSystemSynchronizedRootGroup section */

/* Begin PBXFrameworksBuildPhase section */
		541C55C22CCBCFE9006E29B5 /* Frameworks */ = {
			isa = PBXFrameworksBuildPhase;
			buildActionMask = 2147483647;
			files = (
			);
			runOnlyForDeploymentPostprocessing = 0;
		};
		5434D10629C1C433009DF037 /* Frameworks */ = {
			isa = PBXFrameworksBuildPhase;
			buildActionMask = 2147483647;
			files = (
				54A76B922C5E797900AEBD9E /* RevenueCatUI in Frameworks */,
				5434D12229C1CB60009DF037 /* HotKey in Frameworks */,
				54B6C8822C4E799F00106CFA /* StoreKit.framework in Frameworks */,
				54A76B902C5E797900AEBD9E /* RevenueCat in Frameworks */,
			);
			runOnlyForDeploymentPostprocessing = 0;
		};
/* End PBXFrameworksBuildPhase section */

/* Begin PBXGroup section */
		540C80632CCA9AC000FACA44 /* Extensions */ = {
			isa = PBXGroup;
			children = (
				54C2FE432C80F726000D209C /* ViewExtension.swift */,
				54E32CB729C4DBC3004772B5 /* Color+HexColor.swift */,
				54E32CBF29C4F1C3004772B5 /* Color+Random.swift */,
				54A76B882C5D852300AEBD9E /* NSImage+Color.swift */,
			);
			path = Extensions;
			sourceTree = "<group>";
		};
		5434D10029C1C433009DF037 = {
			isa = PBXGroup;
			children = (
				5434D10B29C1C433009DF037 /* clipboardManager */,
				541C55C62CCBCFE9006E29B5 /* clipboardManagerHelper */,
				5434D10A29C1C433009DF037 /* Products */,
				54B6C8802C4E799F00106CFA /* Frameworks */,
			);
			sourceTree = "<group>";
		};
		5434D10A29C1C433009DF037 /* Products */ = {
			isa = PBXGroup;
			children = (
				5434D10929C1C433009DF037 /* Mahmut Clipboard.app */,
				541C55C52CCBCFE9006E29B5 /* clipboardManagerHelper.app */,
			);
			name = Products;
			sourceTree = "<group>";
		};
		5434D10B29C1C433009DF037 /* clipboardManager */ = {
			isa = PBXGroup;
			children = (
				543D607229D34F5200E23D82 /* Info.plist */,
				5434D10C29C1C433009DF037 /* clipboardManagerApp.swift */,
				54B6C8A82C4FB59C00106CFA /* ClipboardManager.swift */,
				546F03332CCD9A0D00EB4EFD /* ClipboardSettings.swift */,
				54D74ED829C240A3004769D2 /* ApplicationMenu.swift */,
				54B6C87C2C4E6EFE00106CFA /* PaywallView.swift */,
				54B6C87E2C4E6FE500106CFA /* PurchaseManager.swift */,
				54E32CB629C4CCCF004772B5 /* Views */,
				54B953F129C3B6F300990FAC /* Models */,
				54B953F229C3B6FB00990FAC /* Helpers */,
				540C80632CCA9AC000FACA44 /* Extensions */,
				54B953F329C3B71000990FAC /* Resources */,
				5434D11229C1C433009DF037 /* Preview Content */,
			);
			path = clipboardManager;
			sourceTree = "<group>";
		};
		5434D11229C1C433009DF037 /* Preview Content */ = {
			isa = PBXGroup;
			children = (
				5434D11329C1C433009DF037 /* Preview Assets.xcassets */,
			);
			path = "Preview Content";
			sourceTree = "<group>";
		};
		54B6C8802C4E799F00106CFA /* Frameworks */ = {
			isa = PBXGroup;
			children = (
				54B6C8812C4E799F00106CFA /* StoreKit.framework */,
			);
			name = Frameworks;
			sourceTree = "<group>";
		};
		54B953F129C3B6F300990FAC /* Models */ = {
			isa = PBXGroup;
			children = (
				54D74EDC29C24183004769D2 /* ClipboardItem.swift */,
				54B6C8AD2C4FDF2E00106CFA /* CopiedFromApplication.swift */,
				54B6C8AF2C4FDF4D00106CFA /* CustomImage.swift */,
			);
			path = Models;
			sourceTree = "<group>";
		};
		54B953F229C3B6FB00990FAC /* Helpers */ = {
			isa = PBXGroup;
			children = (
				54D74EDF29C25D90004769D2 /* StorageHelper.swift */,
				5434D11529C1C433009DF037 /* Persistence.swift */,
				54B953EF29C3B5F300990FAC /* Constants.swift */,
				54E32CB929C4E507004772B5 /* VisualEffectView.swift */,
				54A3238129CA369800F3E2F3 /* KeyCodes.swift */,
				54A3238329CA36D000F3E2F3 /* KeyPressHelper.swift */,
				54A76B8C2C5E634C00AEBD9E /* URLPreview.swift */,
				540C80642CCBB36900FACA44 /* AlertWindowController.swift */,
				541C55BF2CCBC618006E29B5 /* CustomButton.swift */,
			);
			path = Helpers;
			sourceTree = "<group>";
		};
		54B953F329C3B71000990FAC /* Resources */ = {
			isa = PBXGroup;
			children = (
				5434D11029C1C433009DF037 /* Assets.xcassets */,
				5434D11A29C1C433009DF037 /* clipboardManager.entitlements */,
				54B6C8AA2C4FBADF00106CFA /* ClipboardModel.xcdatamodeld */,
				5434D11729C1C433009DF037 /* clipboardManager.xcdatamodeld */,
			);
			path = Resources;
			sourceTree = "<group>";
		};
		54E32CB629C4CCCF004772B5 /* Views */ = {
			isa = PBXGroup;
			children = (
				54B6C8A62C4FAF6C00106CFA /* ContainerView.swift */,
				5434D10E29C1C433009DF037 /* MainView.swift */,
				54E32CBB29C4E743004772B5 /* ClipboardItemBox.swift */,
				54E32CBD29C4ED5C004772B5 /* CopiedAppLogoView.swift */,
				540C80612CCA881900FACA44 /* ClipboardSettingsView.swift */,
			);
			path = Views;
			sourceTree = "<group>";
		};
/* End PBXGroup section */

/* Begin PBXNativeTarget section */
		541C55C42CCBCFE9006E29B5 /* clipboardManagerHelper */ = {
			isa = PBXNativeTarget;
			buildConfigurationList = 541C55E72CCBCFEB006E29B5 /* Build configuration list for PBXNativeTarget "clipboardManagerHelper" */;
			buildPhases = (
				541C55C12CCBCFE9006E29B5 /* Sources */,
				541C55C22CCBCFE9006E29B5 /* Frameworks */,
				541C55C32CCBCFE9006E29B5 /* Resources */,
			);
			buildRules = (
			);
			dependencies = (
			);
			fileSystemSynchronizedGroups = (
				541C55C62CCBCFE9006E29B5 /* clipboardManagerHelper */,
			);
			name = clipboardManagerHelper;
			packageProductDependencies = (
			);
			productName = clipboardManagerHelper;
			productReference = 541C55C52CCBCFE9006E29B5 /* clipboardManagerHelper.app */;
			productType = "com.apple.product-type.application";
		};
		5434D10829C1C433009DF037 /* clipboardManager */ = {
			isa = PBXNativeTarget;
			buildConfigurationList = 5434D11D29C1C433009DF037 /* Build configuration list for PBXNativeTarget "clipboardManager" */;
			buildPhases = (
				5434D10529C1C433009DF037 /* Sources */,
				5434D10629C1C433009DF037 /* Frameworks */,
				5434D10729C1C433009DF037 /* Resources */,
			);
			buildRules = (
			);
			dependencies = (
			);
			name = clipboardManager;
			packageProductDependencies = (
				5434D12129C1CB60009DF037 /* HotKey */,
				54A76B8F2C5E797900AEBD9E /* RevenueCat */,
				54A76B912C5E797900AEBD9E /* RevenueCatUI */,
			);
			productName = clipboardManager;
			productReference = 5434D10929C1C433009DF037 /* Mahmut Clipboard.app */;
			productType = "com.apple.product-type.application";
		};
/* End PBXNativeTarget section */

/* Begin PBXProject section */
		5434D10129C1C433009DF037 /* Project object */ = {
			isa = PBXProject;
			attributes = {
				BuildIndependentTargetsInParallel = 1;
				LastSwiftUpdateCheck = 1600;
				LastUpgradeCheck = 1420;
				TargetAttributes = {
					541C55C42CCBCFE9006E29B5 = {
						CreatedOnToolsVersion = 16.0;
					};
					5434D10829C1C433009DF037 = {
						CreatedOnToolsVersion = 14.2;
					};
				};
			};
			buildConfigurationList = 5434D10429C1C433009DF037 /* Build configuration list for PBXProject "clipboardManager" */;
			compatibilityVersion = "Xcode 14.0";
			developmentRegion = en;
			hasScannedForEncodings = 0;
			knownRegions = (
				en,
				Base,
			);
			mainGroup = 5434D10029C1C433009DF037;
			packageReferences = (
				5434D12029C1CB60009DF037 /* XCRemoteSwiftPackageReference "HotKey" */,
				54A76B8E2C5E797900AEBD9E /* XCRemoteSwiftPackageReference "purchases-ios-spm" */,
			);
			productRefGroup = 5434D10A29C1C433009DF037 /* Products */;
			projectDirPath = "";
			projectRoot = "";
			targets = (
				5434D10829C1C433009DF037 /* clipboardManager */,
				541C55C42CCBCFE9006E29B5 /* clipboardManagerHelper */,
			);
		};
/* End PBXProject section */

/* Begin PBXResourcesBuildPhase section */
		541C55C32CCBCFE9006E29B5 /* Resources */ = {
			isa = PBXResourcesBuildPhase;
			buildActionMask = 2147483647;
			files = (
			);
			runOnlyForDeploymentPostprocessing = 0;
		};
		5434D10729C1C433009DF037 /* Resources */ = {
			isa = PBXResourcesBuildPhase;
			buildActionMask = 2147483647;
			files = (
				5434D11429C1C433009DF037 /* Preview Assets.xcassets in Resources */,
				5434D11129C1C433009DF037 /* Assets.xcassets in Resources */,
			);
			runOnlyForDeploymentPostprocessing = 0;
		};
/* End PBXResourcesBuildPhase section */

/* Begin PBXSourcesBuildPhase section */
		541C55C12CCBCFE9006E29B5 /* Sources */ = {
			isa = PBXSourcesBuildPhase;
			buildActionMask = 2147483647;
			files = (
			);
			runOnlyForDeploymentPostprocessing = 0;
		};
		5434D10529C1C433009DF037 /* Sources */ = {
			isa = PBXSourcesBuildPhase;
			buildActionMask = 2147483647;
			files = (
				54D74EDD29C24183004769D2 /* ClipboardItem.swift in Sources */,
				54B6C87D2C4E6EFE00106CFA /* PaywallView.swift in Sources */,
				54B6C8A92C4FB59C00106CFA /* ClipboardManager.swift in Sources */,
				54B6C8A72C4FAF6C00106CFA /* ContainerView.swift in Sources */,
				541C55C02CCBC618006E29B5 /* CustomButton.swift in Sources */,
				54C2FE442C80F726000D209C /* ViewExtension.swift in Sources */,
				54B6C8AC2C4FBADF00106CFA /* ClipboardModel.xcdatamodeld in Sources */,
				5434D11929C1C433009DF037 /* clipboardManager.xcdatamodeld in Sources */,
				54D74ED929C240A3004769D2 /* ApplicationMenu.swift in Sources */,
				546F03342CCD9A0D00EB4EFD /* ClipboardSettings.swift in Sources */,
				5434D11629C1C433009DF037 /* Persistence.swift in Sources */,
				54D74EE029C25D90004769D2 /* StorageHelper.swift in Sources */,
				54E32CBA29C4E507004772B5 /* VisualEffectView.swift in Sources */,
				54B6C87F2C4E6FE500106CFA /* PurchaseManager.swift in Sources */,
				54E32CBC29C4E743004772B5 /* ClipboardItemBox.swift in Sources */,
				54E32CBE29C4ED5C004772B5 /* CopiedAppLogoView.swift in Sources */,
				54A3238229CA369800F3E2F3 /* KeyCodes.swift in Sources */,
				54B6C8B02C4FDF4D00106CFA /* CustomImage.swift in Sources */,
				54B6C8AE2C4FDF2E00106CFA /* CopiedFromApplication.swift in Sources */,
				54A76B8D2C5E634C00AEBD9E /* URLPreview.swift in Sources */,
				540C80622CCA881900FACA44 /* ClipboardSettingsView.swift in Sources */,
				54A3238429CA36D000F3E2F3 /* KeyPressHelper.swift in Sources */,
				54A76B892C5D852300AEBD9E /* NSImage+Color.swift in Sources */,
				54E32CB829C4DBC3004772B5 /* Color+HexColor.swift in Sources */,
				540C80652CCBB36900FACA44 /* AlertWindowController.swift in Sources */,
				5434D10F29C1C433009DF037 /* MainView.swift in Sources */,
				54E32CC029C4F1C3004772B5 /* Color+Random.swift in Sources */,
				5434D10D29C1C433009DF037 /* clipboardManagerApp.swift in Sources */,
				54B953F029C3B5F300990FAC /* Constants.swift in Sources */,
			);
			runOnlyForDeploymentPostprocessing = 0;
		};
/* End PBXSourcesBuildPhase section */

/* Begin XCBuildConfiguration section */
		541C55E82CCBCFEB006E29B5 /* Debug */ = {
			isa = XCBuildConfiguration;
			buildSettings = {
				ASSETCATALOG_COMPILER_APPICON_NAME = AppIcon;
				ASSETCATALOG_COMPILER_GENERATE_SWIFT_ASSET_SYMBOL_EXTENSIONS = YES;
				ASSETCATALOG_COMPILER_GLOBAL_ACCENT_COLOR_NAME = AccentColor;
				CODE_SIGN_ENTITLEMENTS = clipboardManagerHelper/clipboardManagerHelper.entitlements;
				CODE_SIGN_STYLE = Automatic;
				COMBINE_HIDPI_IMAGES = YES;
				CURRENT_PROJECT_VERSION = 1;
				DEVELOPMENT_ASSET_PATHS = "\"clipboardManagerHelper/Preview Content\"";
				DEVELOPMENT_TEAM = 37TC2VKVJ6;
				ENABLE_HARDENED_RUNTIME = YES;
				ENABLE_PREVIEWS = YES;
				ENABLE_USER_SCRIPT_SANDBOXING = YES;
				GCC_C_LANGUAGE_STANDARD = gnu17;
				GENERATE_INFOPLIST_FILE = YES;
				INFOPLIST_KEY_LSApplicationCategoryType = "public.app-category.productivity";
				INFOPLIST_KEY_LSBackgroundOnly = YES;
				INFOPLIST_KEY_NSHumanReadableCopyright = "";
				LD_RUNPATH_SEARCH_PATHS = (
					"$(inherited)",
					"@executable_path/../Frameworks",
				);
				LOCALIZATION_PREFERS_STRING_CATALOGS = YES;
				MACOSX_DEPLOYMENT_TARGET = 12.0;
				MARKETING_VERSION = 1.0;
				PRODUCT_BUNDLE_IDENTIFIER = com.walhallaa.clipboardManagerHelper;
				PRODUCT_NAME = "$(TARGET_NAME)";
				SWIFT_ACTIVE_COMPILATION_CONDITIONS = "DEBUG $(inherited)";
				SWIFT_EMIT_LOC_STRINGS = YES;
				SWIFT_VERSION = 5.0;
			};
			name = Debug;
		};
		541C55E92CCBCFEB006E29B5 /* Release */ = {
			isa = XCBuildConfiguration;
			buildSettings = {
				ASSETCATALOG_COMPILER_APPICON_NAME = AppIcon;
				ASSETCATALOG_COMPILER_GENERATE_SWIFT_ASSET_SYMBOL_EXTENSIONS = YES;
				ASSETCATALOG_COMPILER_GLOBAL_ACCENT_COLOR_NAME = AccentColor;
				CODE_SIGN_ENTITLEMENTS = clipboardManagerHelper/clipboardManagerHelper.entitlements;
				CODE_SIGN_STYLE = Automatic;
				COMBINE_HIDPI_IMAGES = YES;
				CURRENT_PROJECT_VERSION = 1;
				DEVELOPMENT_ASSET_PATHS = "\"clipboardManagerHelper/Preview Content\"";
				DEVELOPMENT_TEAM = 37TC2VKVJ6;
				ENABLE_HARDENED_RUNTIME = YES;
				ENABLE_PREVIEWS = YES;
				ENABLE_USER_SCRIPT_SANDBOXING = YES;
				GCC_C_LANGUAGE_STANDARD = gnu17;
				GENERATE_INFOPLIST_FILE = YES;
				INFOPLIST_KEY_LSApplicationCategoryType = "public.app-category.productivity";
				INFOPLIST_KEY_LSBackgroundOnly = YES;
				INFOPLIST_KEY_NSHumanReadableCopyright = "";
				LD_RUNPATH_SEARCH_PATHS = (
					"$(inherited)",
					"@executable_path/../Frameworks",
				);
				LOCALIZATION_PREFERS_STRING_CATALOGS = YES;
				MACOSX_DEPLOYMENT_TARGET = 12.0;
				MARKETING_VERSION = 1.0;
				PRODUCT_BUNDLE_IDENTIFIER = com.walhallaa.clipboardManagerHelper;
				PRODUCT_NAME = "$(TARGET_NAME)";
				SWIFT_EMIT_LOC_STRINGS = YES;
				SWIFT_VERSION = 5.0;
			};
			name = Release;
		};
		5434D11B29C1C433009DF037 /* Debug */ = {
			isa = XCBuildConfiguration;
			buildSettings = {
				ALWAYS_SEARCH_USER_PATHS = NO;
				CLANG_ANALYZER_NONNULL = YES;
				CLANG_ANALYZER_NUMBER_OBJECT_CONVERSION = YES_AGGRESSIVE;
				CLANG_CXX_LANGUAGE_STANDARD = "gnu++20";
				CLANG_ENABLE_MODULES = YES;
				CLANG_ENABLE_OBJC_ARC = YES;
				CLANG_ENABLE_OBJC_WEAK = YES;
				CLANG_WARN_BLOCK_CAPTURE_AUTORELEASING = YES;
				CLANG_WARN_BOOL_CONVERSION = YES;
				CLANG_WARN_COMMA = YES;
				CLANG_WARN_CONSTANT_CONVERSION = YES;
				CLANG_WARN_DEPRECATED_OBJC_IMPLEMENTATIONS = YES;
				CLANG_WARN_DIRECT_OBJC_ISA_USAGE = YES_ERROR;
				CLANG_WARN_DOCUMENTATION_COMMENTS = YES;
				CLANG_WARN_EMPTY_BODY = YES;
				CLANG_WARN_ENUM_CONVERSION = YES;
				CLANG_WARN_INFINITE_RECURSION = YES;
				CLANG_WARN_INT_CONVERSION = YES;
				CLANG_WARN_NON_LITERAL_NULL_CONVERSION = YES;
				CLANG_WARN_OBJC_IMPLICIT_RETAIN_SELF = YES;
				CLANG_WARN_OBJC_LITERAL_CONVERSION = YES;
				CLANG_WARN_OBJC_ROOT_CLASS = YES_ERROR;
				CLANG_WARN_QUOTED_INCLUDE_IN_FRAMEWORK_HEADER = YES;
				CLANG_WARN_RANGE_LOOP_ANALYSIS = YES;
				CLANG_WARN_STRICT_PROTOTYPES = YES;
				CLANG_WARN_SUSPICIOUS_MOVE = YES;
				CLANG_WARN_UNGUARDED_AVAILABILITY = YES_AGGRESSIVE;
				CLANG_WARN_UNREACHABLE_CODE = YES;
				CLANG_WARN__DUPLICATE_METHOD_MATCH = YES;
				COPY_PHASE_STRIP = NO;
				DEBUG_INFORMATION_FORMAT = dwarf;
				ENABLE_STRICT_OBJC_MSGSEND = YES;
				ENABLE_TESTABILITY = YES;
				GCC_C_LANGUAGE_STANDARD = gnu11;
				GCC_DYNAMIC_NO_PIC = NO;
				GCC_NO_COMMON_BLOCKS = YES;
				GCC_OPTIMIZATION_LEVEL = 0;
				GCC_PREPROCESSOR_DEFINITIONS = (
					"DEBUG=1",
					"$(inherited)",
				);
				GCC_WARN_64_TO_32_BIT_CONVERSION = YES;
				GCC_WARN_ABOUT_RETURN_TYPE = YES_ERROR;
				GCC_WARN_UNDECLARED_SELECTOR = YES;
				GCC_WARN_UNINITIALIZED_AUTOS = YES_AGGRESSIVE;
				GCC_WARN_UNUSED_FUNCTION = YES;
				GCC_WARN_UNUSED_VARIABLE = YES;
				MACOSX_DEPLOYMENT_TARGET = 13.1;
				MTL_ENABLE_DEBUG_INFO = INCLUDE_SOURCE;
				MTL_FAST_MATH = YES;
				ONLY_ACTIVE_ARCH = YES;
				SDKROOT = macosx;
				SWIFT_ACTIVE_COMPILATION_CONDITIONS = DEBUG;
				SWIFT_OPTIMIZATION_LEVEL = "-Onone";
			};
			name = Debug;
		};
		5434D11C29C1C433009DF037 /* Release */ = {
			isa = XCBuildConfiguration;
			buildSettings = {
				ALWAYS_SEARCH_USER_PATHS = NO;
				CLANG_ANALYZER_NONNULL = YES;
				CLANG_ANALYZER_NUMBER_OBJECT_CONVERSION = YES_AGGRESSIVE;
				CLANG_CXX_LANGUAGE_STANDARD = "gnu++20";
				CLANG_ENABLE_MODULES = YES;
				CLANG_ENABLE_OBJC_ARC = YES;
				CLANG_ENABLE_OBJC_WEAK = YES;
				CLANG_WARN_BLOCK_CAPTURE_AUTORELEASING = YES;
				CLANG_WARN_BOOL_CONVERSION = YES;
				CLANG_WARN_COMMA = YES;
				CLANG_WARN_CONSTANT_CONVERSION = YES;
				CLANG_WARN_DEPRECATED_OBJC_IMPLEMENTATIONS = YES;
				CLANG_WARN_DIRECT_OBJC_ISA_USAGE = YES_ERROR;
				CLANG_WARN_DOCUMENTATION_COMMENTS = YES;
				CLANG_WARN_EMPTY_BODY = YES;
				CLANG_WARN_ENUM_CONVERSION = YES;
				CLANG_WARN_INFINITE_RECURSION = YES;
				CLANG_WARN_INT_CONVERSION = YES;
				CLANG_WARN_NON_LITERAL_NULL_CONVERSION = YES;
				CLANG_WARN_OBJC_IMPLICIT_RETAIN_SELF = YES;
				CLANG_WARN_OBJC_LITERAL_CONVERSION = YES;
				CLANG_WARN_OBJC_ROOT_CLASS = YES_ERROR;
				CLANG_WARN_QUOTED_INCLUDE_IN_FRAMEWORK_HEADER = YES;
				CLANG_WARN_RANGE_LOOP_ANALYSIS = YES;
				CLANG_WARN_STRICT_PROTOTYPES = YES;
				CLANG_WARN_SUSPICIOUS_MOVE = YES;
				CLANG_WARN_UNGUARDED_AVAILABILITY = YES_AGGRESSIVE;
				CLANG_WARN_UNREACHABLE_CODE = YES;
				CLANG_WARN__DUPLICATE_METHOD_MATCH = YES;
				COPY_PHASE_STRIP = NO;
				DEBUG_INFORMATION_FORMAT = "dwarf-with-dsym";
				ENABLE_NS_ASSERTIONS = NO;
				ENABLE_STRICT_OBJC_MSGSEND = YES;
				GCC_C_LANGUAGE_STANDARD = gnu11;
				GCC_NO_COMMON_BLOCKS = YES;
				GCC_WARN_64_TO_32_BIT_CONVERSION = YES;
				GCC_WARN_ABOUT_RETURN_TYPE = YES_ERROR;
				GCC_WARN_UNDECLARED_SELECTOR = YES;
				GCC_WARN_UNINITIALIZED_AUTOS = YES_AGGRESSIVE;
				GCC_WARN_UNUSED_FUNCTION = YES;
				GCC_WARN_UNUSED_VARIABLE = YES;
				MACOSX_DEPLOYMENT_TARGET = 13.1;
				MTL_ENABLE_DEBUG_INFO = NO;
				MTL_FAST_MATH = YES;
				SDKROOT = macosx;
				SWIFT_COMPILATION_MODE = wholemodule;
				SWIFT_OPTIMIZATION_LEVEL = "-O";
			};
			name = Release;
		};
		5434D11E29C1C433009DF037 /* Debug */ = {
			isa = XCBuildConfiguration;
			buildSettings = {
				ASSETCATALOG_COMPILER_APPICON_NAME = AppIcon;
				ASSETCATALOG_COMPILER_GLOBAL_ACCENT_COLOR_NAME = AccentColor;
				ASSETCATALOG_COMPILER_INCLUDE_ALL_APPICON_ASSETS = YES;
				CODE_SIGN_ENTITLEMENTS = clipboardManager/Resources/clipboardManager.entitlements;
				CODE_SIGN_STYLE = Automatic;
				COMBINE_HIDPI_IMAGES = YES;
				CURRENT_PROJECT_VERSION = 16;
				DEVELOPMENT_ASSET_PATHS = "\"clipboardManager/Preview Content\"";
				DEVELOPMENT_TEAM = 37TC2VKVJ6;
				ENABLE_HARDENED_RUNTIME = YES;
				ENABLE_PREVIEWS = YES;
				GENERATE_INFOPLIST_FILE = YES;
				INFOPLIST_FILE = clipboardManager/Info.plist;
				INFOPLIST_KEY_CFBundleDisplayName = Mahmut;
				INFOPLIST_KEY_LSApplicationCategoryType = "public.app-category.productivity";
				INFOPLIST_KEY_LSUIElement = YES;
				INFOPLIST_KEY_NSAppleEventsUsageDescription = "This app needs your permission to enable auto-paste actions.";
				INFOPLIST_KEY_NSHumanReadableCopyright = "";
				INFOPLIST_KEY_UIApplicationSceneManifest_Generation = YES;
				LD_RUNPATH_SEARCH_PATHS = (
					"$(inherited)",
					"@executable_path/../Frameworks",
				);
				MACOSX_DEPLOYMENT_TARGET = 12.0;
				MARKETING_VERSION = 2.0.16;
				PRODUCT_BUNDLE_IDENTIFIER = com.walhallaa.clipboardManager;
				PRODUCT_NAME = "Mahmut Clipboard";
				SWIFT_EMIT_LOC_STRINGS = YES;
				SWIFT_VERSION = 5.0;
			};
			name = Debug;
		};
		5434D11F29C1C433009DF037 /* Release */ = {
			isa = XCBuildConfiguration;
			buildSettings = {
				ASSETCATALOG_COMPILER_APPICON_NAME = AppIcon;
				ASSETCATALOG_COMPILER_GLOBAL_ACCENT_COLOR_NAME = AccentColor;
				ASSETCATALOG_COMPILER_INCLUDE_ALL_APPICON_ASSETS = YES;
				CODE_SIGN_ENTITLEMENTS = clipboardManager/Resources/clipboardManager.entitlements;
				CODE_SIGN_STYLE = Automatic;
				COMBINE_HIDPI_IMAGES = YES;
				CURRENT_PROJECT_VERSION = 16;
				DEVELOPMENT_ASSET_PATHS = "\"clipboardManager/Preview Content\"";
				DEVELOPMENT_TEAM = 37TC2VKVJ6;
				ENABLE_HARDENED_RUNTIME = YES;
				ENABLE_PREVIEWS = YES;
				GENERATE_INFOPLIST_FILE = YES;
				INFOPLIST_FILE = clipboardManager/Info.plist;
				INFOPLIST_KEY_CFBundleDisplayName = Mahmut;
				INFOPLIST_KEY_LSApplicationCategoryType = "public.app-category.productivity";
				INFOPLIST_KEY_LSUIElement = YES;
				INFOPLIST_KEY_NSAppleEventsUsageDescription = "This app needs your permission to enable auto-paste actions.";
				INFOPLIST_KEY_NSHumanReadableCopyright = "";
				INFOPLIST_KEY_UIApplicationSceneManifest_Generation = YES;
				LD_RUNPATH_SEARCH_PATHS = (
					"$(inherited)",
					"@executable_path/../Frameworks",
				);
				MACOSX_DEPLOYMENT_TARGET = 12.0;
				MARKETING_VERSION = 2.0.16;
				PRODUCT_BUNDLE_IDENTIFIER = com.walhallaa.clipboardManager;
				PRODUCT_NAME = "Mahmut Clipboard";
				SWIFT_EMIT_LOC_STRINGS = YES;
				SWIFT_VERSION = 5.0;
			};
			name = Release;
		};
/* End XCBuildConfiguration section */

/* Begin XCConfigurationList section */
		541C55E72CCBCFEB006E29B5 /* Build configuration list for PBXNativeTarget "clipboardManagerHelper" */ = {
			isa = XCConfigurationList;
			buildConfigurations = (
				541C55E82CCBCFEB006E29B5 /* Debug */,
				541C55E92CCBCFEB006E29B5 /* Release */,
			);
			defaultConfigurationIsVisible = 0;
			defaultConfigurationName = Release;
		};
		5434D10429C1C433009DF037 /* Build configuration list for PBXProject "clipboardManager" */ = {
			isa = XCConfigurationList;
			buildConfigurations = (
				5434D11B29C1C433009DF037 /* Debug */,
				5434D11C29C1C433009DF037 /* Release */,
			);
			defaultConfigurationIsVisible = 0;
			defaultConfigurationName = Release;
		};
		5434D11D29C1C433009DF037 /* Build configuration list for PBXNativeTarget "clipboardManager" */ = {
			isa = XCConfigurationList;
			buildConfigurations = (
				5434D11E29C1C433009DF037 /* Debug */,
				5434D11F29C1C433009DF037 /* Release */,
			);
			defaultConfigurationIsVisible = 0;
			defaultConfigurationName = Release;
		};
/* End XCConfigurationList section */

/* Begin XCRemoteSwiftPackageReference section */
		5434D12029C1CB60009DF037 /* XCRemoteSwiftPackageReference "HotKey" */ = {
			isa = XCRemoteSwiftPackageReference;
			repositoryURL = "https://github.com/soffes/HotKey.git";
			requirement = {
				kind = upToNextMajorVersion;
				minimumVersion = 0.0.0;
			};
		};
		54A76B8E2C5E797900AEBD9E /* XCRemoteSwiftPackageReference "purchases-ios-spm" */ = {
			isa = XCRemoteSwiftPackageReference;
			repositoryURL = "https://github.com/RevenueCat/purchases-ios-spm.git";
			requirement = {
				kind = upToNextMajorVersion;
				minimumVersion = 5.2.2;
			};
		};
/* End XCRemoteSwiftPackageReference section */

/* Begin XCSwiftPackageProductDependency section */
		5434D12129C1CB60009DF037 /* HotKey */ = {
			isa = XCSwiftPackageProductDependency;
			package = 5434D12029C1CB60009DF037 /* XCRemoteSwiftPackageReference "HotKey" */;
			productName = HotKey;
		};
		54A76B8F2C5E797900AEBD9E /* RevenueCat */ = {
			isa = XCSwiftPackageProductDependency;
			package = 54A76B8E2C5E797900AEBD9E /* XCRemoteSwiftPackageReference "purchases-ios-spm" */;
			productName = RevenueCat;
		};
		54A76B912C5E797900AEBD9E /* RevenueCatUI */ = {
			isa = XCSwiftPackageProductDependency;
			package = 54A76B8E2C5E797900AEBD9E /* XCRemoteSwiftPackageReference "purchases-ios-spm" */;
			productName = RevenueCatUI;
		};
/* End XCSwiftPackageProductDependency section */

/* Begin XCVersionGroup section */
		5434D11729C1C433009DF037 /* clipboardManager.xcdatamodeld */ = {
			isa = XCVersionGroup;
			children = (
				5434D11829C1C433009DF037 /* clipboardManager.xcdatamodel */,
			);
			currentVersion = 5434D11829C1C433009DF037 /* clipboardManager.xcdatamodel */;
			path = clipboardManager.xcdatamodeld;
			sourceTree = "<group>";
			versionGroupType = wrapper.xcdatamodel;
		};
		54B6C8AA2C4FBADF00106CFA /* ClipboardModel.xcdatamodeld */ = {
			isa = XCVersionGroup;
			children = (
				54B6C8AB2C4FBADF00106CFA /* ClipboardModel.xcdatamodel */,
			);
			currentVersion = 54B6C8AB2C4FBADF00106CFA /* ClipboardModel.xcdatamodel */;
			path = ClipboardModel.xcdatamodeld;
			sourceTree = "<group>";
			versionGroupType = wrapper.xcdatamodel;
		};
/* End XCVersionGroup section */
	};
	rootObject = 5434D10129C1C433009DF037 /* Project object */;
}
