{
  "originHash" : "42986df0f12694ea8aafff3dc0b6bfdff4cea9a698a07f7716eb8e677736bff3",
  "pins" : [
    {
      "identity" : "hotkey",
      "kind" : "remoteSourceControl",
      "location" : "https://github.com/soffes/HotKey.git",
      "state" : {
        "revision" : "31234dfbb4330b90ee10d89fbacb77316781cc06",
        "version" : "0.2.0"
      }
    }
  ],
  "version" : 3
}
