{
  "originHash" : "f61adce3dbd28097226a529dae70508de970a90dbb640b06f78fe044bcac59d1",
  "pins" : [
    {
      "identity" : "hotkey",
      "kind" : "remoteSourceControl",
      "location" : "https://github.com/soffes/HotKey.git",
      "state" : {
        "revision" : "31234dfbb4330b90ee10d89fbacb77316781cc06",
        "version" : "0.2.0"
      }
    },
    {
      "identity" : "purchases-ios-spm",
      "kind" : "remoteSourceControl",
      "location" : "https://github.com/RevenueCat/purchases-ios-spm.git",
      "state" : {
        "revision" : "56f136a1385a2fe17998d0b34b3db26debeb8ec4",
        "version" : "5.2.2"
      }
    }
  ],
  "version" : 3
}
